
Microsoft Visual Studio Solution File, Format Version 12.00
# Visual Studio Version 16
VisualStudioVersion = 16.0.32228.343
MinimumVisualStudioVersion = 10.0.40219.1
Project("{2150E333-8FDC-42A3-9474-1A3956D46DE8}") = "Sample", "Sample", "{F1B570AC-414F-4197-875B-D24E8B2AEE9B}"
EndProject
Project("{FAE04EC0-301F-11D3-BF4B-00C04F79EFBC}") = "ConsoleApp0411", "Sample\ConsoleApp0411\ConsoleApp0411.csproj", "{121993D1-B999-415C-9EEC-E0C23CE4995D}"
EndProject
Project("{FAE04EC0-301F-11D3-BF4B-00C04F79EFBC}") = "WindowsFormsApp1", "Sample\WindowsFormsApp1\WindowsFormsApp1.csproj", "{CC1F87F0-1CFE-4477-9C40-54E13B2ABD89}"
EndProject
Project("{FAE04EC0-301F-11D3-BF4B-00C04F79EFBC}") = "BallApp", "Sample\BallApp\BallApp.csproj", "{A7E42B18-2B47-4498-9F6E-3204785B4163}"
EndProject
Project("{2150E333-8FDC-42A3-9474-1A3956D46DE8}") = "Chapter01", "Chapter01", "{6E730190-B261-4D35-959E-0765DBBC734F}"
EndProject
Project("{FAE04EC0-301F-11D3-BF4B-00C04F79EFBC}") = "ProductSample", "Chapter01\Product\ProductSample.csproj", "{850ABAB1-EDE0-4DC9-8818-325AEE46838C}"
EndProject
Project("{2150E333-8FDC-42A3-9474-1A3956D46DE8}") = "Chapter02", "Chapter02", "{00B9FC67-E14D-4150-8F15-F3FD0AFE7333}"
EndProject
Project("{2150E333-8FDC-42A3-9474-1A3956D46DE8}") = "距離換算プログラム", "距離換算プログラム", "{5E419180-3ECB-48A1-8452-65F0AAFD4207}"
EndProject
Project("{FAE04EC0-301F-11D3-BF4B-00C04F79EFBC}") = "DistanceConverter", "Chapter02\距離換算プログラム\DistanceConverter\DistanceConverter.csproj", "{457E7A0C-2190-4D19-997F-4D5008E92297}"
EndProject
Project("{2150E333-8FDC-42A3-9474-1A3956D46DE8}") = "売り上げ集計プログラム", "売り上げ集計プログラム", "{1DF8FEF4-6EB8-467E-9F44-8743DD3CD64D}"
EndProject
Project("{FAE04EC0-301F-11D3-BF4B-00C04F79EFBC}") = "SalesCalculator", "Chapter02\売り上げ集計プログラム\SalesCalculator\SalesCalculator.csproj", "{4F162C87-1875-449F-9CE3-34DD1A4D3CDE}"
EndProject
Project("{2150E333-8FDC-42A3-9474-1A3956D46DE8}") = "演習問題", "演習問題", "{AE59FB9C-D137-413F-9AA8-D8B746D3FF29}"
EndProject
Project("{FAE04EC0-301F-11D3-BF4B-00C04F79EFBC}") = "Exercise01", "Chapter02\演習問題\Exercise01\Exercise01.csproj", "{FDC13ACB-ECAD-4ED4-96B6-00709D99AF70}"
EndProject
Project("{FAE04EC0-301F-11D3-BF4B-00C04F79EFBC}") = "Exercise02", "Chapter02\演習問題\Exercise02\Exercise02.csproj", "{A85D1268-7190-49E4-9E10-BAF91D534B1B}"
EndProject
Project("{FAE04EC0-301F-11D3-BF4B-00C04F79EFBC}") = "Exercise03", "Chapter02\演習問題\Exercise03\Exercise03.csproj", "{3B585E58-05CC-4F06-9F01-D7374FB29552}"
EndProject
Global
	GlobalSection(SolutionConfigurationPlatforms) = preSolution
		Debug|Any CPU = Debug|Any CPU
		Release|Any CPU = Release|Any CPU
	EndGlobalSection
	GlobalSection(ProjectConfigurationPlatforms) = postSolution
		{121993D1-B999-415C-9EEC-E0C23CE4995D}.Debug|Any CPU.ActiveCfg = Debug|Any CPU
		{121993D1-B999-415C-9EEC-E0C23CE4995D}.Debug|Any CPU.Build.0 = Debug|Any CPU
		{121993D1-B999-415C-9EEC-E0C23CE4995D}.Release|Any CPU.ActiveCfg = Release|Any CPU
		{121993D1-B999-415C-9EEC-E0C23CE4995D}.Release|Any CPU.Build.0 = Release|Any CPU
		{CC1F87F0-1CFE-4477-9C40-54E13B2ABD89}.Debug|Any CPU.ActiveCfg = Debug|Any CPU
		{CC1F87F0-1CFE-4477-9C40-54E13B2ABD89}.Debug|Any CPU.Build.0 = Debug|Any CPU
		{CC1F87F0-1CFE-4477-9C40-54E13B2ABD89}.Release|Any CPU.ActiveCfg = Release|Any CPU
		{CC1F87F0-1CFE-4477-9C40-54E13B2ABD89}.Release|Any CPU.Build.0 = Release|Any CPU
		{A7E42B18-2B47-4498-9F6E-3204785B4163}.Debug|Any CPU.ActiveCfg = Debug|Any CPU
		{A7E42B18-2B47-4498-9F6E-3204785B4163}.Debug|Any CPU.Build.0 = Debug|Any CPU
		{A7E42B18-2B47-4498-9F6E-3204785B4163}.Release|Any CPU.ActiveCfg = Release|Any CPU
		{A7E42B18-2B47-4498-9F6E-3204785B4163}.Release|Any CPU.Build.0 = Release|Any CPU
		{850ABAB1-EDE0-4DC9-8818-325AEE46838C}.Debug|Any CPU.ActiveCfg = Debug|Any CPU
		{850ABAB1-EDE0-4DC9-8818-325AEE46838C}.Debug|Any CPU.Build.0 = Debug|Any CPU
		{850ABAB1-EDE0-4DC9-8818-325AEE46838C}.Release|Any CPU.ActiveCfg = Release|Any CPU
		{850ABAB1-EDE0-4DC9-8818-325AEE46838C}.Release|Any CPU.Build.0 = Release|Any CPU
		{457E7A0C-2190-4D19-997F-4D5008E92297}.Debug|Any CPU.ActiveCfg = Debug|Any CPU
		{457E7A0C-2190-4D19-997F-4D5008E92297}.Debug|Any CPU.Build.0 = Debug|Any CPU
		{457E7A0C-2190-4D19-997F-4D5008E92297}.Release|Any CPU.ActiveCfg = Release|Any CPU
		{457E7A0C-2190-4D19-997F-4D5008E92297}.Release|Any CPU.Build.0 = Release|Any CPU
		{4F162C87-1875-449F-9CE3-34DD1A4D3CDE}.Debug|Any CPU.ActiveCfg = Debug|Any CPU
		{4F162C87-1875-449F-9CE3-34DD1A4D3CDE}.Debug|Any CPU.Build.0 = Debug|Any CPU
		{4F162C87-1875-449F-9CE3-34DD1A4D3CDE}.Release|Any CPU.ActiveCfg = Release|Any CPU
		{4F162C87-1875-449F-9CE3-34DD1A4D3CDE}.Release|Any CPU.Build.0 = Release|Any CPU
		{FDC13ACB-ECAD-4ED4-96B6-00709D99AF70}.Debug|Any CPU.ActiveCfg = Debug|Any CPU
		{FDC13ACB-ECAD-4ED4-96B6-00709D99AF70}.Debug|Any CPU.Build.0 = Debug|Any CPU
		{FDC13ACB-ECAD-4ED4-96B6-00709D99AF70}.Release|Any CPU.ActiveCfg = Release|Any CPU
		{FDC13ACB-ECAD-4ED4-96B6-00709D99AF70}.Release|Any CPU.Build.0 = Release|Any CPU
		{A85D1268-7190-49E4-9E10-BAF91D534B1B}.Debug|Any CPU.ActiveCfg = Debug|Any CPU
		{A85D1268-7190-49E4-9E10-BAF91D534B1B}.Debug|Any CPU.Build.0 = Debug|Any CPU
		{A85D1268-7190-49E4-9E10-BAF91D534B1B}.Release|Any CPU.ActiveCfg = Release|Any CPU
		{A85D1268-7190-49E4-9E10-BAF91D534B1B}.Release|Any CPU.Build.0 = Release|Any CPU
		{3B585E58-05CC-4F06-9F01-D7374FB29552}.Debug|Any CPU.ActiveCfg = Debug|Any CPU
		{3B585E58-05CC-4F06-9F01-D7374FB29552}.Debug|Any CPU.Build.0 = Debug|Any CPU
		{3B585E58-05CC-4F06-9F01-D7374FB29552}.Release|Any CPU.ActiveCfg = Release|Any CPU
		{3B585E58-05CC-4F06-9F01-D7374FB29552}.Release|Any CPU.Build.0 = Release|Any CPU
	EndGlobalSection
	GlobalSection(SolutionProperties) = preSolution
		HideSolutionNode = FALSE
	EndGlobalSection
	GlobalSection(NestedProjects) = preSolution
		{121993D1-B999-415C-9EEC-E0C23CE4995D} = {F1B570AC-414F-4197-875B-D24E8B2AEE9B}
		{CC1F87F0-1CFE-4477-9C40-54E13B2ABD89} = {F1B570AC-414F-4197-875B-D24E8B2AEE9B}
		{A7E42B18-2B47-4498-9F6E-3204785B4163} = {F1B570AC-414F-4197-875B-D24E8B2AEE9B}
		{850ABAB1-EDE0-4DC9-8818-325AEE46838C} = {6E730190-B261-4D35-959E-0765DBBC734F}
		{5E419180-3ECB-48A1-8452-65F0AAFD4207} = {00B9FC67-E14D-4150-8F15-F3FD0AFE7333}
		{457E7A0C-2190-4D19-997F-4D5008E92297} = {5E419180-3ECB-48A1-8452-65F0AAFD4207}
		{1DF8FEF4-6EB8-467E-9F44-8743DD3CD64D} = {00B9FC67-E14D-4150-8F15-F3FD0AFE7333}
		{4F162C87-1875-449F-9CE3-34DD1A4D3CDE} = {1DF8FEF4-6EB8-467E-9F44-8743DD3CD64D}
		{AE59FB9C-D137-413F-9AA8-D8B746D3FF29} = {00B9FC67-E14D-4150-8F15-F3FD0AFE7333}
		{FDC13ACB-ECAD-4ED4-96B6-00709D99AF70} = {AE59FB9C-D137-413F-9AA8-D8B746D3FF29}
		{A85D1268-7190-49E4-9E10-BAF91D534B1B} = {AE59FB9C-D137-413F-9AA8-D8B746D3FF29}
		{3B585E58-05CC-4F06-9F01-D7374FB29552} = {AE59FB9C-D137-413F-9AA8-D8B746D3FF29}
	EndGlobalSection
	GlobalSection(ExtensibilityGlobals) = postSolution
		SolutionGuid = {9F8ED49D-DCB7-4E81-BBAC-77E511141E05}
	EndGlobalSection
EndGlobal
