
Microsoft Visual Studio Solution File, Format Version 12.00
# Visual Studio Version 16
VisualStudioVersion = 16.0.32228.343
MinimumVisualStudioVersion = 10.0.40219.1
Project("{2150E333-8FDC-42A3-9474-1A3956D46DE8}") = "Sample", "Sample", "{F1B570AC-414F-4197-875B-D24E8B2AEE9B}"
EndProject
Project("{FAE04EC0-301F-11D3-BF4B-00C04F79EFBC}") = "ConsoleApp0411", "Sample\ConsoleApp0411\ConsoleApp0411.csproj", "{121993D1-B999-415C-9EEC-E0C23CE4995D}"
EndProject
Project("{FAE04EC0-301F-11D3-BF4B-00C04F79EFBC}") = "WindowsFormsApp1", "Sample\WindowsFormsApp1\WindowsFormsApp1.csproj", "{CC1F87F0-1CFE-4477-9C40-54E13B2ABD89}"
EndProject
Project("{FAE04EC0-301F-11D3-BF4B-00C04F79EFBC}") = "BallApp", "Sample\BallApp\BallApp.csproj", "{A7E42B18-2B47-4498-9F6E-3204785B4163}"
EndProject
Project("{2150E333-8FDC-42A3-9474-1A3956D46DE8}") = "Chapter01", "Chapter01", "{6E730190-B261-4D35-959E-0765DBBC734F}"
EndProject
Project("{FAE04EC0-301F-11D3-BF4B-00C04F79EFBC}") = "ProductSample", "Chapter01\Product\ProductSample.csproj", "{850ABAB1-EDE0-4DC9-8818-325AEE46838C}"
EndProject
Project("{2150E333-8FDC-42A3-9474-1A3956D46DE8}") = "Chapter02", "Chapter02", "{00B9FC67-E14D-4150-8F15-F3FD0AFE7333}"
EndProject
Project("{2150E333-8FDC-42A3-9474-1A3956D46DE8}") = "距離換算プログラム", "距離換算プログラム", "{5E419180-3ECB-48A1-8452-65F0AAFD4207}"
EndProject
Project("{FAE04EC0-301F-11D3-BF4B-00C04F79EFBC}") = "DistanceConverter", "Chapter02\距離換算プログラム\DistanceConverter\DistanceConverter.csproj", "{457E7A0C-2190-4D19-997F-4D5008E92297}"
EndProject
Project("{2150E333-8FDC-42A3-9474-1A3956D46DE8}") = "売り上げ集計プログラム", "売り上げ集計プログラム", "{1DF8FEF4-6EB8-467E-9F44-8743DD3CD64D}"
EndProject
Project("{FAE04EC0-301F-11D3-BF4B-00C04F79EFBC}") = "SalesCalculator", "Chapter02\売り上げ集計プログラム\SalesCalculator\SalesCalculator.csproj", "{4F162C87-1875-449F-9CE3-34DD1A4D3CDE}"
EndProject
Project("{2150E333-8FDC-42A3-9474-1A3956D46DE8}") = "演習問題", "演習問題", "{AE59FB9C-D137-413F-9AA8-D8B746D3FF29}"
EndProject
Project("{FAE04EC0-301F-11D3-BF4B-00C04F79EFBC}") = "Exercise01", "Chapter02\演習問題\Exercise01\Exercise01.csproj", "{FDC13ACB-ECAD-4ED4-96B6-00709D99AF70}"
EndProject
Project("{FAE04EC0-301F-11D3-BF4B-00C04F79EFBC}") = "Exercise02", "Chapter02\演習問題\Exercise02\Exercise02.csproj", "{A85D1268-7190-49E4-9E10-BAF91D534B1B}"
EndProject
Project("{FAE04EC0-301F-11D3-BF4B-00C04F79EFBC}") = "Exercise03", "Chapter02\演習問題\Exercise03\Exercise03.csproj", "{3B585E58-05CC-4F06-9F01-D7374FB29552}"
EndProject
Project("{2150E333-8FDC-42A3-9474-1A3956D46DE8}") = "Chapter03", "Chapter03", "{60DE53C4-9420-4E2D-A53B-E016A80E88E8}"
EndProject
Project("{FAE04EC0-301F-11D3-BF4B-00C04F79EFBC}") = "Section01", "Chapter03\Section01\Section01.csproj", "{1074A45B-77E9-46A0-AF4E-2AEB052D7F51}"
EndProject
Project("{FAE04EC0-301F-11D3-BF4B-00C04F79EFBC}") = "Section03", "Chapter03\Section03\Section03\Section03.csproj", "{E7700C5A-705B-47E7-B7DB-9D915AB8FF8A}"
EndProject
Project("{FAE04EC0-301F-11D3-BF4B-00C04F79EFBC}") = "Section04", "Chapter03\Section04\Section04.csproj", "{7D6AE0EA-146F-4CCC-AF64-8D744CC3348D}"
EndProject
Project("{2150E333-8FDC-42A3-9474-1A3956D46DE8}") = "演習問題", "演習問題", "{B59A5F76-455B-43BF-A134-65902A6E7ACD}"
EndProject
Project("{FAE04EC0-301F-11D3-BF4B-00C04F79EFBC}") = "Exercise01", "Chapter03\演習問題\Exercise01\Exercise01.csproj", "{E1BA3FF4-53CF-49B1-8E24-C27A905CF283}"
EndProject
Project("{FAE04EC0-301F-11D3-BF4B-00C04F79EFBC}") = "Exercise02", "Chapter03\演習問題\Exercise02\Exercise02.csproj", "{1998B073-87B5-4D99-8AF9-B6E557C8978A}"
EndProject
Project("{2150E333-8FDC-42A3-9474-1A3956D46DE8}") = "Chapter04", "Chapter04", "{DDCCDF67-2859-4BF7-9D94-0644E49A0668}"
EndProject
Project("{2150E333-8FDC-42A3-9474-1A3956D46DE8}") = "P115_条件演算子・null合体演算子", "P115_条件演算子・null合体演算子", "{1AFD2E13-56B4-4287-A59B-AE319D6C76E0}"
EndProject
Project("{FAE04EC0-301F-11D3-BF4B-00C04F79EFBC}") = "Section04", "Chapter04\条件演算子・null合体演算子\Section04\Section04.csproj", "{25C1F4F4-CD62-44D8-B986-47C6BBDA02F8}"
EndProject
Project("{2150E333-8FDC-42A3-9474-1A3956D46DE8}") = "P126_TryParse", "P126_TryParse", "{04AF7665-2D95-4D81-8BF4-98E1106E5B35}"
EndProject
Project("{FAE04EC0-301F-11D3-BF4B-00C04F79EFBC}") = "Section07", "Chapter04\TryParse\Section07\Section07.csproj", "{C4FD6531-CFE4-42BB-9D19-5B25F8B77518}"
EndProject
Project("{2150E333-8FDC-42A3-9474-1A3956D46DE8}") = "演習問題", "演習問題", "{836F333A-2B23-4E2F-83BC-7D20855E6073}"
EndProject
Project("{FAE04EC0-301F-11D3-BF4B-00C04F79EFBC}") = "Exercise01", "Chapter04\演習問題\Exercise01\Exercise01.csproj", "{AA6C3C04-FCCE-4E10-9E31-A6843A41E2EC}"
EndProject
Project("{FAE04EC0-301F-11D3-BF4B-00C04F79EFBC}") = "Exercise02", "Chapter04\演習問題\Exercise02\Exercise02.csproj", "{6937DA47-C359-4FE6-BB4C-C2CC4BA84858}"
EndProject
Project("{2150E333-8FDC-42A3-9474-1A3956D46DE8}") = "Chapter05", "Chapter05", "{6A5677A5-888E-483E-BF79-96547352F078}"
EndProject
Project("{2150E333-8FDC-42A3-9474-1A3956D46DE8}") = "演習問題", "演習問題", "{59283CFB-7492-4FC6-9898-24D3C8525F36}"
EndProject
Project("{FAE04EC0-301F-11D3-BF4B-00C04F79EFBC}") = "Exercise01", "Chapter05\演習問題\Exercise01\Exercise01.csproj", "{9C67B72B-365E-4E4B-8845-CC9F1FD1BBD9}"
EndProject
Project("{FAE04EC0-301F-11D3-BF4B-00C04F79EFBC}") = "Exercise02", "Chapter05\演習問題\Exercise02\Exercise02.csproj", "{23243E45-6D63-41FB-BC40-202956BBACDB}"
EndProject
Project("{FAE04EC0-301F-11D3-BF4B-00C04F79EFBC}") = "Exercise03", "Chapter05\演習問題\Exercise03\Exercise03.csproj", "{FCEF7691-EDF1-4CBF-ADCE-E06137D6DCDE}"
EndProject
Project("{FAE04EC0-301F-11D3-BF4B-00C04F79EFBC}") = "Exercise04", "Chapter05\演習問題\Exercise04\Exercise04.csproj", "{462ABE61-2575-48E9-B310-FF32BD03F26A}"
EndProject
Project("{2150E333-8FDC-42A3-9474-1A3956D46DE8}") = "Chapter06", "Chapter06", "{802E9131-3116-4215-B3DF-BC30F77F9164}"
EndProject
Project("{FAE04EC0-301F-11D3-BF4B-00C04F79EFBC}") = "Section01", "Chapter06\演習問題\Section01\Section01.csproj", "{0826E7CD-88D4-4AA3-8C95-1158E671E80F}"
EndProject
Project("{FAE04EC0-301F-11D3-BF4B-00C04F79EFBC}") = "Section02", "Chapter06\Section02\Section02.csproj", "{FB0C3824-D75B-422D-A4F8-6A94BAF57AB1}"
EndProject
Project("{2150E333-8FDC-42A3-9474-1A3956D46DE8}") = "演習問題", "演習問題", "{3BCB3996-0C76-4138-B1A0-295B32C12E24}"
EndProject
Project("{FAE04EC0-301F-11D3-BF4B-00C04F79EFBC}") = "Exercise01", "Chapter06\演習問題\Exercise01\Exercise01.csproj", "{614849E1-3718-434A-AA6E-5EE02CC286BD}"
EndProject
Project("{FAE04EC0-301F-11D3-BF4B-00C04F79EFBC}") = "Exercise02", "Chapter06\演習問題\Exercise02\Exercise02.csproj", "{2B753D81-7C04-477A-8744-DAEB94CBB0DF}"
EndProject
Project("{2150E333-8FDC-42A3-9474-1A3956D46DE8}") = "試験01", "試験01", "{4B6E02D1-737B-487F-884A-00B329E3695E}"
EndProject
Project("{FAE04EC0-301F-11D3-BF4B-00C04F79EFBC}") = "Test01", "TestProject\Test01\Test01.csproj", "{2BFACDC3-F44D-4199-8498-F5C3C4AC0335}"
EndProject
Project("{FAE04EC0-301F-11D3-BF4B-00C04F79EFBC}") = "Test02", "TestProject\Test02\Test02.csproj", "{E461C0A8-8900-485C-B520-E929BA33F712}"
EndProject
Project("{2150E333-8FDC-42A3-9474-1A3956D46DE8}") = "Chapter07", "Chapter07", "{3D8C2A3A-80F7-4469-97F3-CA2815D4494B}"
EndProject
Project("{FAE04EC0-301F-11D3-BF4B-00C04F79EFBC}") = "Section01", "Chapter07\Section01\Section01.csproj", "{C2BBE4C2-6F65-4729-AD09-FF9605F18970}"
EndProject
Project("{FAE04EC0-301F-11D3-BF4B-00C04F79EFBC}") = "Section02", "Chapter07\Section02\Section02.csproj", "{5D3CD0ED-BDD7-4361-A5C0-D2E51CA5E639}"
EndProject
Project("{FAE04EC0-301F-11D3-BF4B-00C04F79EFBC}") = "Section03", "Chapter07\Section03\Section03.csproj", "{902AA88E-C01A-4B4D-ADB0-193222475E66}"
EndProject
Project("{2150E333-8FDC-42A3-9474-1A3956D46DE8}") = "演習問題", "演習問題", "{C39F50AA-D475-41B0-8BDB-ED34CDA332C2}"
EndProject
Project("{FAE04EC0-301F-11D3-BF4B-00C04F79EFBC}") = "Exercise01", "Chapter07\演習問題\Exercise01\Exercise01.csproj", "{DBED3DB6-E61B-46DA-B1BF-6FB048F35924}"
EndProject
Project("{FAE04EC0-301F-11D3-BF4B-00C04F79EFBC}") = "Exercise02", "Chapter07\演習問題\Exercise02\Exercise02.csproj", "{36D25040-8394-4437-99F8-A8CB047BED0D}"
EndProject
Project("{2150E333-8FDC-42A3-9474-1A3956D46DE8}") = "Chapter08", "Chapter08", "{3985A8C9-3B08-41D9-9320-86FA5869F614}"
EndProject
Project("{2150E333-8FDC-42A3-9474-1A3956D46DE8}") = "演習問題", "演習問題", "{3753E72E-8F6B-47AD-ABE4-FBF543C26323}"
EndProject
Project("{FAE04EC0-301F-11D3-BF4B-00C04F79EFBC}") = "Exercise01", "Chapter08\演習問題\Exercise01\Exercise01.csproj", "{9D8586F0-4FF2-4420-983A-EB31B6E8F653}"
EndProject
Project("{FAE04EC0-301F-11D3-BF4B-00C04F79EFBC}") = "Exercise02", "Chapter08\演習問題\Exercise02\Exercise02.csproj", "{E65B17E0-F31D-49CD-A32E-95160FB9D91D}"
EndProject
Project("{FAE04EC0-301F-11D3-BF4B-00C04F79EFBC}") = "Exercise03", "Chapter08\演習問題\Exercise03\Exercise03.csproj", "{D614FA80-D264-4E2D-B07B-9515A14F9D1E}"
EndProject
Project("{2150E333-8FDC-42A3-9474-1A3956D46DE8}") = "フォームアプリケーション", "フォームアプリケーション", "{DBDC8651-12E9-42C4-A8F6-38F37BE22DC6}"
EndProject
Project("{FAE04EC0-301F-11D3-BF4B-00C04F79EFBC}") = "CalendarApp", "Chapter08\フォームアプリケーション\CalendarApp\CalendarApp.csproj", "{5A81D151-3F35-47A6-9E53-BC5340497B11}"
EndProject
Project("{2150E333-8FDC-42A3-9474-1A3956D46DE8}") = "FormApps", "FormApps", "{2E83CC09-090E-4943-B09B-4E734CB00C33}"
EndProject
Project("{FAE04EC0-301F-11D3-BF4B-00C04F79EFBC}") = "CarReportSystem", "FormApps\CarReportSystem\CarReportSystem.csproj", "{70A3AE58-FFC3-4CCE-9404-C88FCCA51DE5}"
EndProject
Project("{2150E333-8FDC-42A3-9474-1A3956D46DE8}") = "Chapter13", "Chapter13", "{B65FD935-609C-4A13-9DFE-CEF21B219955}"
EndProject
Project("{FAE04EC0-301F-11D3-BF4B-00C04F79EFBC}") = "SampleEntityFramework", "Chapter13\SampleEntityFramework\SampleEntityFramework.csproj", "{14D1105D-0EC2-4F6E-8EE2-AD162ACD3AA7}"
EndProject
Project("{2150E333-8FDC-42A3-9474-1A3956D46DE8}") = "Chapter14", "Chapter14", "{B1C38387-92D0-43AA-9E37-E863E407FFA3}"
EndProject
Project("{FAE04EC0-301F-11D3-BF4B-00C04F79EFBC}") = "Section01", "Chapter14\Section01\Section01.csproj", "{DF07472E-9A42-4EAD-B57E-88658352F424}"
EndProject
Project("{FAE04EC0-301F-11D3-BF4B-00C04F79EFBC}") = "Section02", "Chapter14\Section02\Section02.csproj", "{43F5BF53-C58B-4F13-8D88-4D28E4DC39A2}"
EndProject
Project("{FAE04EC0-301F-11D3-BF4B-00C04F79EFBC}") = "Section04", "Chapter14\Section04\Section04.csproj", "{4EF5DE08-CAA7-4C4F-8334-A414A7DE504D}"
EndProject
Project("{FAE04EC0-301F-11D3-BF4B-00C04F79EFBC}") = "RssReader", "FormApps\RssReader\RssReader.csproj", "{EB3172EA-1E2F-40BC-B84C-C96CB0781DB3}"
EndProject
Project("{2150E333-8FDC-42A3-9474-1A3956D46DE8}") = "Chapter10", "Chapter10", "{6B5CB8F7-EFB5-4665-85AB-8BA27B47E1DE}"
EndProject
Project("{FAE04EC0-301F-11D3-BF4B-00C04F79EFBC}") = "Section02", "Chapter10\Section02\Section02.csproj", "{83EE78C2-E201-4353-B190-EC9DCDF7684B}"
EndProject
Project("{FAE04EC0-301F-11D3-BF4B-00C04F79EFBC}") = "Section03", "Chapter10\Section03\Section03.csproj", "{6DE73393-13B7-4418-9A7F-4AD26016718A}"
EndProject
Project("{2150E333-8FDC-42A3-9474-1A3956D46DE8}") = "演習問題", "演習問題", "{A1079D33-F732-4528-B4EC-8EA374665580}"
EndProject
Project("{FAE04EC0-301F-11D3-BF4B-00C04F79EFBC}") = "Exercise01", "Chapter10\演習問題\Exercise01\Exercise01.csproj", "{908276AE-06F3-4005-A7B4-4374ECE56160}"
EndProject
Project("{FAE04EC0-301F-11D3-BF4B-00C04F79EFBC}") = "Exercise02", "Chapter10\演習問題\Exercise02\Exercise02.csproj", "{78820C1C-CF63-40D9-A20E-F71C2CCBCF0D}"
EndProject
Project("{FAE04EC0-301F-11D3-BF4B-00C04F79EFBC}") = "Exercise03", "Chapter10\演習問題\Exercise03\Exercise03.csproj", "{BCE0A141-9952-4A52-A976-83663DDDD39E}"
EndProject
Project("{FAE04EC0-301F-11D3-BF4B-00C04F79EFBC}") = "Exercise04", "Chapter10\演習問題\Exercise04\Exercise04.csproj", "{79E9586D-3E43-46BF-A5F2-A121207DBC7B}"
EndProject
Project("{FAE04EC0-301F-11D3-BF4B-00C04F79EFBC}") = "Exercise05", "Chapter10\演習問題\Exercise05\Exercise05.csproj", "{FEFEB3FF-FF38-4116-9ED4-478244F73841}"
EndProject
Project("{FAE04EC0-301F-11D3-BF4B-00C04F79EFBC}") = "Exercise06", "Chapter10\演習問題\Exercise06\Exercise06.csproj", "{59259BF9-B19D-434C-816E-894EDD7BCBDC}"
EndProject
Project("{2150E333-8FDC-42A3-9474-1A3956D46DE8}") = "Chapter15", "Chapter15", "{C51D0C0F-B9CC-44A0-BD53-5671236F3D6B}"
EndProject
Project("{FAE04EC0-301F-11D3-BF4B-00C04F79EFBC}") = "Section01", "Chapter15\Section01\Section01.csproj", "{48544587-30AB-4296-A53E-2CA49BD59873}"
EndProject
Project("{2150E333-8FDC-42A3-9474-1A3956D46DE8}") = "演習問題", "演習問題", "{8A9B5C45-92E2-4131-840E-D65CE3275E19}"
EndProject
Project("{FAE04EC0-301F-11D3-BF4B-00C04F79EFBC}") = "Exercise01", "Chapter15\演習問題\Exercise01\Exercise01.csproj", "{85A57427-1C9A-4DAC-8704-9DC66A6D1A49}"
EndProject
Project("{2150E333-8FDC-42A3-9474-1A3956D46DE8}") = "Chapter17", "Chapter17", "{572D3628-9C00-443B-95CD-FBBED2ED5D48}"
EndProject
Project("{FAE04EC0-301F-11D3-BF4B-00C04F79EFBC}") = "Section01", "Chapter17\Section01\Section01.csproj", "{6D1E420C-9977-4C69-9B21-3AE3D83A63B2}"
EndProject
Project("{2150E333-8FDC-42A3-9474-1A3956D46DE8}") = "TemplateMethod", "TemplateMethod", "{07E26253-8DD5-46B0-8363-80D0319EA47D}"
EndProject
Project("{FAE04EC0-301F-11D3-BF4B-00C04F79EFBC}") = "TextFileProcessor", "Chapter17\TemplateMethod\TextFileProcessor\TextFileProcessor.csproj", "{AE9A3878-F509-4095-9D1C-FC217E83A64F}"
EndProject
Project("{FAE04EC0-301F-11D3-BF4B-00C04F79EFBC}") = "LineCounter", "Chapter17\TemplateMethod\LineCounter\LineCounter.csproj", "{3EA5A483-D284-4898-9A55-9E73DA96C94C}"
EndProject
Project("{2150E333-8FDC-42A3-9474-1A3956D46DE8}") = "Strategy", "Strategy", "{40DDFEF7-B16B-42F7-8528-C296B8D1410A}"
EndProject
Project("{FAE04EC0-301F-11D3-BF4B-00C04F79EFBC}") = "DistanceConverter", "Chapter17\Strategy\DistanceConverter\DistanceConverter.csproj", "{72C31DE2-F550-468F-AA95-34BF3B1FDA52}"
EndProject
Global
	GlobalSection(SolutionConfigurationPlatforms) = preSolution
		Debug|Any CPU = Debug|Any CPU
		Release|Any CPU = Release|Any CPU
	EndGlobalSection
	GlobalSection(ProjectConfigurationPlatforms) = postSolution
		{121993D1-B999-415C-9EEC-E0C23CE4995D}.Debug|Any CPU.ActiveCfg = Debug|Any CPU
		{121993D1-B999-415C-9EEC-E0C23CE4995D}.Debug|Any CPU.Build.0 = Debug|Any CPU
		{121993D1-B999-415C-9EEC-E0C23CE4995D}.Release|Any CPU.ActiveCfg = Release|Any CPU
		{121993D1-B999-415C-9EEC-E0C23CE4995D}.Release|Any CPU.Build.0 = Release|Any CPU
		{CC1F87F0-1CFE-4477-9C40-54E13B2ABD89}.Debug|Any CPU.ActiveCfg = Debug|Any CPU
		{CC1F87F0-1CFE-4477-9C40-54E13B2ABD89}.Debug|Any CPU.Build.0 = Debug|Any CPU
		{CC1F87F0-1CFE-4477-9C40-54E13B2ABD89}.Release|Any CPU.ActiveCfg = Release|Any CPU
		{CC1F87F0-1CFE-4477-9C40-54E13B2ABD89}.Release|Any CPU.Build.0 = Release|Any CPU
		{A7E42B18-2B47-4498-9F6E-3204785B4163}.Debug|Any CPU.ActiveCfg = Debug|Any CPU
		{A7E42B18-2B47-4498-9F6E-3204785B4163}.Debug|Any CPU.Build.0 = Debug|Any CPU
		{A7E42B18-2B47-4498-9F6E-3204785B4163}.Release|Any CPU.ActiveCfg = Release|Any CPU
		{A7E42B18-2B47-4498-9F6E-3204785B4163}.Release|Any CPU.Build.0 = Release|Any CPU
		{850ABAB1-EDE0-4DC9-8818-325AEE46838C}.Debug|Any CPU.ActiveCfg = Debug|Any CPU
		{850ABAB1-EDE0-4DC9-8818-325AEE46838C}.Debug|Any CPU.Build.0 = Debug|Any CPU
		{850ABAB1-EDE0-4DC9-8818-325AEE46838C}.Release|Any CPU.ActiveCfg = Release|Any CPU
		{850ABAB1-EDE0-4DC9-8818-325AEE46838C}.Release|Any CPU.Build.0 = Release|Any CPU
		{457E7A0C-2190-4D19-997F-4D5008E92297}.Debug|Any CPU.ActiveCfg = Debug|Any CPU
		{457E7A0C-2190-4D19-997F-4D5008E92297}.Debug|Any CPU.Build.0 = Debug|Any CPU
		{457E7A0C-2190-4D19-997F-4D5008E92297}.Release|Any CPU.ActiveCfg = Release|Any CPU
		{457E7A0C-2190-4D19-997F-4D5008E92297}.Release|Any CPU.Build.0 = Release|Any CPU
		{4F162C87-1875-449F-9CE3-34DD1A4D3CDE}.Debug|Any CPU.ActiveCfg = Debug|Any CPU
		{4F162C87-1875-449F-9CE3-34DD1A4D3CDE}.Debug|Any CPU.Build.0 = Debug|Any CPU
		{4F162C87-1875-449F-9CE3-34DD1A4D3CDE}.Release|Any CPU.ActiveCfg = Release|Any CPU
		{4F162C87-1875-449F-9CE3-34DD1A4D3CDE}.Release|Any CPU.Build.0 = Release|Any CPU
		{FDC13ACB-ECAD-4ED4-96B6-00709D99AF70}.Debug|Any CPU.ActiveCfg = Debug|Any CPU
		{FDC13ACB-ECAD-4ED4-96B6-00709D99AF70}.Debug|Any CPU.Build.0 = Debug|Any CPU
		{FDC13ACB-ECAD-4ED4-96B6-00709D99AF70}.Release|Any CPU.ActiveCfg = Release|Any CPU
		{FDC13ACB-ECAD-4ED4-96B6-00709D99AF70}.Release|Any CPU.Build.0 = Release|Any CPU
		{A85D1268-7190-49E4-9E10-BAF91D534B1B}.Debug|Any CPU.ActiveCfg = Debug|Any CPU
		{A85D1268-7190-49E4-9E10-BAF91D534B1B}.Debug|Any CPU.Build.0 = Debug|Any CPU
		{A85D1268-7190-49E4-9E10-BAF91D534B1B}.Release|Any CPU.ActiveCfg = Release|Any CPU
		{A85D1268-7190-49E4-9E10-BAF91D534B1B}.Release|Any CPU.Build.0 = Release|Any CPU
		{3B585E58-05CC-4F06-9F01-D7374FB29552}.Debug|Any CPU.ActiveCfg = Debug|Any CPU
		{3B585E58-05CC-4F06-9F01-D7374FB29552}.Debug|Any CPU.Build.0 = Debug|Any CPU
		{3B585E58-05CC-4F06-9F01-D7374FB29552}.Release|Any CPU.ActiveCfg = Release|Any CPU
		{3B585E58-05CC-4F06-9F01-D7374FB29552}.Release|Any CPU.Build.0 = Release|Any CPU
		{1074A45B-77E9-46A0-AF4E-2AEB052D7F51}.Debug|Any CPU.ActiveCfg = Debug|Any CPU
		{1074A45B-77E9-46A0-AF4E-2AEB052D7F51}.Debug|Any CPU.Build.0 = Debug|Any CPU
		{1074A45B-77E9-46A0-AF4E-2AEB052D7F51}.Release|Any CPU.ActiveCfg = Release|Any CPU
		{1074A45B-77E9-46A0-AF4E-2AEB052D7F51}.Release|Any CPU.Build.0 = Release|Any CPU
		{E7700C5A-705B-47E7-B7DB-9D915AB8FF8A}.Debug|Any CPU.ActiveCfg = Debug|Any CPU
		{E7700C5A-705B-47E7-B7DB-9D915AB8FF8A}.Debug|Any CPU.Build.0 = Debug|Any CPU
		{E7700C5A-705B-47E7-B7DB-9D915AB8FF8A}.Release|Any CPU.ActiveCfg = Release|Any CPU
		{E7700C5A-705B-47E7-B7DB-9D915AB8FF8A}.Release|Any CPU.Build.0 = Release|Any CPU
		{7D6AE0EA-146F-4CCC-AF64-8D744CC3348D}.Debug|Any CPU.ActiveCfg = Debug|Any CPU
		{7D6AE0EA-146F-4CCC-AF64-8D744CC3348D}.Debug|Any CPU.Build.0 = Debug|Any CPU
		{7D6AE0EA-146F-4CCC-AF64-8D744CC3348D}.Release|Any CPU.ActiveCfg = Release|Any CPU
		{7D6AE0EA-146F-4CCC-AF64-8D744CC3348D}.Release|Any CPU.Build.0 = Release|Any CPU
		{E1BA3FF4-53CF-49B1-8E24-C27A905CF283}.Debug|Any CPU.ActiveCfg = Debug|Any CPU
		{E1BA3FF4-53CF-49B1-8E24-C27A905CF283}.Debug|Any CPU.Build.0 = Debug|Any CPU
		{E1BA3FF4-53CF-49B1-8E24-C27A905CF283}.Release|Any CPU.ActiveCfg = Release|Any CPU
		{E1BA3FF4-53CF-49B1-8E24-C27A905CF283}.Release|Any CPU.Build.0 = Release|Any CPU
		{1998B073-87B5-4D99-8AF9-B6E557C8978A}.Debug|Any CPU.ActiveCfg = Debug|Any CPU
		{1998B073-87B5-4D99-8AF9-B6E557C8978A}.Debug|Any CPU.Build.0 = Debug|Any CPU
		{1998B073-87B5-4D99-8AF9-B6E557C8978A}.Release|Any CPU.ActiveCfg = Release|Any CPU
		{1998B073-87B5-4D99-8AF9-B6E557C8978A}.Release|Any CPU.Build.0 = Release|Any CPU
		{25C1F4F4-CD62-44D8-B986-47C6BBDA02F8}.Debug|Any CPU.ActiveCfg = Debug|Any CPU
		{25C1F4F4-CD62-44D8-B986-47C6BBDA02F8}.Debug|Any CPU.Build.0 = Debug|Any CPU
		{25C1F4F4-CD62-44D8-B986-47C6BBDA02F8}.Release|Any CPU.ActiveCfg = Release|Any CPU
		{25C1F4F4-CD62-44D8-B986-47C6BBDA02F8}.Release|Any CPU.Build.0 = Release|Any CPU
		{C4FD6531-CFE4-42BB-9D19-5B25F8B77518}.Debug|Any CPU.ActiveCfg = Debug|Any CPU
		{C4FD6531-CFE4-42BB-9D19-5B25F8B77518}.Debug|Any CPU.Build.0 = Debug|Any CPU
		{C4FD6531-CFE4-42BB-9D19-5B25F8B77518}.Release|Any CPU.ActiveCfg = Release|Any CPU
		{C4FD6531-CFE4-42BB-9D19-5B25F8B77518}.Release|Any CPU.Build.0 = Release|Any CPU
		{AA6C3C04-FCCE-4E10-9E31-A6843A41E2EC}.Debug|Any CPU.ActiveCfg = Debug|Any CPU
		{AA6C3C04-FCCE-4E10-9E31-A6843A41E2EC}.Debug|Any CPU.Build.0 = Debug|Any CPU
		{AA6C3C04-FCCE-4E10-9E31-A6843A41E2EC}.Release|Any CPU.ActiveCfg = Release|Any CPU
		{AA6C3C04-FCCE-4E10-9E31-A6843A41E2EC}.Release|Any CPU.Build.0 = Release|Any CPU
		{6937DA47-C359-4FE6-BB4C-C2CC4BA84858}.Debug|Any CPU.ActiveCfg = Debug|Any CPU
		{6937DA47-C359-4FE6-BB4C-C2CC4BA84858}.Debug|Any CPU.Build.0 = Debug|Any CPU
		{6937DA47-C359-4FE6-BB4C-C2CC4BA84858}.Release|Any CPU.ActiveCfg = Release|Any CPU
		{6937DA47-C359-4FE6-BB4C-C2CC4BA84858}.Release|Any CPU.Build.0 = Release|Any CPU
		{9C67B72B-365E-4E4B-8845-CC9F1FD1BBD9}.Debug|Any CPU.ActiveCfg = Debug|Any CPU
		{9C67B72B-365E-4E4B-8845-CC9F1FD1BBD9}.Debug|Any CPU.Build.0 = Debug|Any CPU
		{9C67B72B-365E-4E4B-8845-CC9F1FD1BBD9}.Release|Any CPU.ActiveCfg = Release|Any CPU
		{9C67B72B-365E-4E4B-8845-CC9F1FD1BBD9}.Release|Any CPU.Build.0 = Release|Any CPU
		{23243E45-6D63-41FB-BC40-202956BBACDB}.Debug|Any CPU.ActiveCfg = Debug|Any CPU
		{23243E45-6D63-41FB-BC40-202956BBACDB}.Debug|Any CPU.Build.0 = Debug|Any CPU
		{23243E45-6D63-41FB-BC40-202956BBACDB}.Release|Any CPU.ActiveCfg = Release|Any CPU
		{23243E45-6D63-41FB-BC40-202956BBACDB}.Release|Any CPU.Build.0 = Release|Any CPU
		{FCEF7691-EDF1-4CBF-ADCE-E06137D6DCDE}.Debug|Any CPU.ActiveCfg = Debug|Any CPU
		{FCEF7691-EDF1-4CBF-ADCE-E06137D6DCDE}.Debug|Any CPU.Build.0 = Debug|Any CPU
		{FCEF7691-EDF1-4CBF-ADCE-E06137D6DCDE}.Release|Any CPU.ActiveCfg = Release|Any CPU
		{FCEF7691-EDF1-4CBF-ADCE-E06137D6DCDE}.Release|Any CPU.Build.0 = Release|Any CPU
		{462ABE61-2575-48E9-B310-FF32BD03F26A}.Debug|Any CPU.ActiveCfg = Debug|Any CPU
		{462ABE61-2575-48E9-B310-FF32BD03F26A}.Debug|Any CPU.Build.0 = Debug|Any CPU
		{462ABE61-2575-48E9-B310-FF32BD03F26A}.Release|Any CPU.ActiveCfg = Release|Any CPU
		{462ABE61-2575-48E9-B310-FF32BD03F26A}.Release|Any CPU.Build.0 = Release|Any CPU
		{0826E7CD-88D4-4AA3-8C95-1158E671E80F}.Debug|Any CPU.ActiveCfg = Debug|Any CPU
		{0826E7CD-88D4-4AA3-8C95-1158E671E80F}.Debug|Any CPU.Build.0 = Debug|Any CPU
		{0826E7CD-88D4-4AA3-8C95-1158E671E80F}.Release|Any CPU.ActiveCfg = Release|Any CPU
		{0826E7CD-88D4-4AA3-8C95-1158E671E80F}.Release|Any CPU.Build.0 = Release|Any CPU
		{FB0C3824-D75B-422D-A4F8-6A94BAF57AB1}.Debug|Any CPU.ActiveCfg = Debug|Any CPU
		{FB0C3824-D75B-422D-A4F8-6A94BAF57AB1}.Debug|Any CPU.Build.0 = Debug|Any CPU
		{FB0C3824-D75B-422D-A4F8-6A94BAF57AB1}.Release|Any CPU.ActiveCfg = Release|Any CPU
		{FB0C3824-D75B-422D-A4F8-6A94BAF57AB1}.Release|Any CPU.Build.0 = Release|Any CPU
		{614849E1-3718-434A-AA6E-5EE02CC286BD}.Debug|Any CPU.ActiveCfg = Debug|Any CPU
		{614849E1-3718-434A-AA6E-5EE02CC286BD}.Debug|Any CPU.Build.0 = Debug|Any CPU
		{614849E1-3718-434A-AA6E-5EE02CC286BD}.Release|Any CPU.ActiveCfg = Release|Any CPU
		{614849E1-3718-434A-AA6E-5EE02CC286BD}.Release|Any CPU.Build.0 = Release|Any CPU
		{2B753D81-7C04-477A-8744-DAEB94CBB0DF}.Debug|Any CPU.ActiveCfg = Debug|Any CPU
		{2B753D81-7C04-477A-8744-DAEB94CBB0DF}.Debug|Any CPU.Build.0 = Debug|Any CPU
		{2B753D81-7C04-477A-8744-DAEB94CBB0DF}.Release|Any CPU.ActiveCfg = Release|Any CPU
		{2B753D81-7C04-477A-8744-DAEB94CBB0DF}.Release|Any CPU.Build.0 = Release|Any CPU
		{2BFACDC3-F44D-4199-8498-F5C3C4AC0335}.Debug|Any CPU.ActiveCfg = Debug|Any CPU
		{2BFACDC3-F44D-4199-8498-F5C3C4AC0335}.Debug|Any CPU.Build.0 = Debug|Any CPU
		{2BFACDC3-F44D-4199-8498-F5C3C4AC0335}.Release|Any CPU.ActiveCfg = Release|Any CPU
		{2BFACDC3-F44D-4199-8498-F5C3C4AC0335}.Release|Any CPU.Build.0 = Release|Any CPU
		{E461C0A8-8900-485C-B520-E929BA33F712}.Debug|Any CPU.ActiveCfg = Debug|Any CPU
		{E461C0A8-8900-485C-B520-E929BA33F712}.Debug|Any CPU.Build.0 = Debug|Any CPU
		{E461C0A8-8900-485C-B520-E929BA33F712}.Release|Any CPU.ActiveCfg = Release|Any CPU
		{E461C0A8-8900-485C-B520-E929BA33F712}.Release|Any CPU.Build.0 = Release|Any CPU
		{C2BBE4C2-6F65-4729-AD09-FF9605F18970}.Debug|Any CPU.ActiveCfg = Debug|Any CPU
		{C2BBE4C2-6F65-4729-AD09-FF9605F18970}.Debug|Any CPU.Build.0 = Debug|Any CPU
		{C2BBE4C2-6F65-4729-AD09-FF9605F18970}.Release|Any CPU.ActiveCfg = Release|Any CPU
		{C2BBE4C2-6F65-4729-AD09-FF9605F18970}.Release|Any CPU.Build.0 = Release|Any CPU
		{5D3CD0ED-BDD7-4361-A5C0-D2E51CA5E639}.Debug|Any CPU.ActiveCfg = Debug|Any CPU
		{5D3CD0ED-BDD7-4361-A5C0-D2E51CA5E639}.Debug|Any CPU.Build.0 = Debug|Any CPU
		{5D3CD0ED-BDD7-4361-A5C0-D2E51CA5E639}.Release|Any CPU.ActiveCfg = Release|Any CPU
		{5D3CD0ED-BDD7-4361-A5C0-D2E51CA5E639}.Release|Any CPU.Build.0 = Release|Any CPU
		{902AA88E-C01A-4B4D-ADB0-193222475E66}.Debug|Any CPU.ActiveCfg = Debug|Any CPU
		{902AA88E-C01A-4B4D-ADB0-193222475E66}.Debug|Any CPU.Build.0 = Debug|Any CPU
		{902AA88E-C01A-4B4D-ADB0-193222475E66}.Release|Any CPU.ActiveCfg = Release|Any CPU
		{902AA88E-C01A-4B4D-ADB0-193222475E66}.Release|Any CPU.Build.0 = Release|Any CPU
		{DBED3DB6-E61B-46DA-B1BF-6FB048F35924}.Debug|Any CPU.ActiveCfg = Debug|Any CPU
		{DBED3DB6-E61B-46DA-B1BF-6FB048F35924}.Debug|Any CPU.Build.0 = Debug|Any CPU
		{DBED3DB6-E61B-46DA-B1BF-6FB048F35924}.Release|Any CPU.ActiveCfg = Release|Any CPU
		{DBED3DB6-E61B-46DA-B1BF-6FB048F35924}.Release|Any CPU.Build.0 = Release|Any CPU
		{36D25040-8394-4437-99F8-A8CB047BED0D}.Debug|Any CPU.ActiveCfg = Debug|Any CPU
		{36D25040-8394-4437-99F8-A8CB047BED0D}.Debug|Any CPU.Build.0 = Debug|Any CPU
		{36D25040-8394-4437-99F8-A8CB047BED0D}.Release|Any CPU.ActiveCfg = Release|Any CPU
		{36D25040-8394-4437-99F8-A8CB047BED0D}.Release|Any CPU.Build.0 = Release|Any CPU
		{9D8586F0-4FF2-4420-983A-EB31B6E8F653}.Debug|Any CPU.ActiveCfg = Debug|Any CPU
		{9D8586F0-4FF2-4420-983A-EB31B6E8F653}.Debug|Any CPU.Build.0 = Debug|Any CPU
		{9D8586F0-4FF2-4420-983A-EB31B6E8F653}.Release|Any CPU.ActiveCfg = Release|Any CPU
		{9D8586F0-4FF2-4420-983A-EB31B6E8F653}.Release|Any CPU.Build.0 = Release|Any CPU
		{E65B17E0-F31D-49CD-A32E-95160FB9D91D}.Debug|Any CPU.ActiveCfg = Debug|Any CPU
		{E65B17E0-F31D-49CD-A32E-95160FB9D91D}.Debug|Any CPU.Build.0 = Debug|Any CPU
		{E65B17E0-F31D-49CD-A32E-95160FB9D91D}.Release|Any CPU.ActiveCfg = Release|Any CPU
		{E65B17E0-F31D-49CD-A32E-95160FB9D91D}.Release|Any CPU.Build.0 = Release|Any CPU
		{D614FA80-D264-4E2D-B07B-9515A14F9D1E}.Debug|Any CPU.ActiveCfg = Debug|Any CPU
		{D614FA80-D264-4E2D-B07B-9515A14F9D1E}.Debug|Any CPU.Build.0 = Debug|Any CPU
		{D614FA80-D264-4E2D-B07B-9515A14F9D1E}.Release|Any CPU.ActiveCfg = Release|Any CPU
		{D614FA80-D264-4E2D-B07B-9515A14F9D1E}.Release|Any CPU.Build.0 = Release|Any CPU
		{5A81D151-3F35-47A6-9E53-BC5340497B11}.Debug|Any CPU.ActiveCfg = Debug|Any CPU
		{5A81D151-3F35-47A6-9E53-BC5340497B11}.Debug|Any CPU.Build.0 = Debug|Any CPU
		{5A81D151-3F35-47A6-9E53-BC5340497B11}.Release|Any CPU.ActiveCfg = Release|Any CPU
		{5A81D151-3F35-47A6-9E53-BC5340497B11}.Release|Any CPU.Build.0 = Release|Any CPU
		{70A3AE58-FFC3-4CCE-9404-C88FCCA51DE5}.Debug|Any CPU.ActiveCfg = Debug|Any CPU
		{70A3AE58-FFC3-4CCE-9404-C88FCCA51DE5}.Debug|Any CPU.Build.0 = Debug|Any CPU
		{70A3AE58-FFC3-4CCE-9404-C88FCCA51DE5}.Release|Any CPU.ActiveCfg = Release|Any CPU
		{70A3AE58-FFC3-4CCE-9404-C88FCCA51DE5}.Release|Any CPU.Build.0 = Release|Any CPU
		{14D1105D-0EC2-4F6E-8EE2-AD162ACD3AA7}.Debug|Any CPU.ActiveCfg = Debug|Any CPU
		{14D1105D-0EC2-4F6E-8EE2-AD162ACD3AA7}.Debug|Any CPU.Build.0 = Debug|Any CPU
		{14D1105D-0EC2-4F6E-8EE2-AD162ACD3AA7}.Release|Any CPU.ActiveCfg = Release|Any CPU
		{14D1105D-0EC2-4F6E-8EE2-AD162ACD3AA7}.Release|Any CPU.Build.0 = Release|Any CPU
		{DF07472E-9A42-4EAD-B57E-88658352F424}.Debug|Any CPU.ActiveCfg = Debug|Any CPU
		{DF07472E-9A42-4EAD-B57E-88658352F424}.Debug|Any CPU.Build.0 = Debug|Any CPU
		{DF07472E-9A42-4EAD-B57E-88658352F424}.Release|Any CPU.ActiveCfg = Release|Any CPU
		{DF07472E-9A42-4EAD-B57E-88658352F424}.Release|Any CPU.Build.0 = Release|Any CPU
		{43F5BF53-C58B-4F13-8D88-4D28E4DC39A2}.Debug|Any CPU.ActiveCfg = Debug|Any CPU
		{43F5BF53-C58B-4F13-8D88-4D28E4DC39A2}.Debug|Any CPU.Build.0 = Debug|Any CPU
		{43F5BF53-C58B-4F13-8D88-4D28E4DC39A2}.Release|Any CPU.ActiveCfg = Release|Any CPU
		{43F5BF53-C58B-4F13-8D88-4D28E4DC39A2}.Release|Any CPU.Build.0 = Release|Any CPU
		{4EF5DE08-CAA7-4C4F-8334-A414A7DE504D}.Debug|Any CPU.ActiveCfg = Debug|Any CPU
		{4EF5DE08-CAA7-4C4F-8334-A414A7DE504D}.Debug|Any CPU.Build.0 = Debug|Any CPU
		{4EF5DE08-CAA7-4C4F-8334-A414A7DE504D}.Release|Any CPU.ActiveCfg = Release|Any CPU
		{4EF5DE08-CAA7-4C4F-8334-A414A7DE504D}.Release|Any CPU.Build.0 = Release|Any CPU
		{EB3172EA-1E2F-40BC-B84C-C96CB0781DB3}.Debug|Any CPU.ActiveCfg = Debug|Any CPU
		{EB3172EA-1E2F-40BC-B84C-C96CB0781DB3}.Debug|Any CPU.Build.0 = Debug|Any CPU
		{EB3172EA-1E2F-40BC-B84C-C96CB0781DB3}.Release|Any CPU.ActiveCfg = Release|Any CPU
		{EB3172EA-1E2F-40BC-B84C-C96CB0781DB3}.Release|Any CPU.Build.0 = Release|Any CPU
		{83EE78C2-E201-4353-B190-EC9DCDF7684B}.Debug|Any CPU.ActiveCfg = Debug|Any CPU
		{83EE78C2-E201-4353-B190-EC9DCDF7684B}.Debug|Any CPU.Build.0 = Debug|Any CPU
		{83EE78C2-E201-4353-B190-EC9DCDF7684B}.Release|Any CPU.ActiveCfg = Release|Any CPU
		{83EE78C2-E201-4353-B190-EC9DCDF7684B}.Release|Any CPU.Build.0 = Release|Any CPU
		{6DE73393-13B7-4418-9A7F-4AD26016718A}.Debug|Any CPU.ActiveCfg = Debug|Any CPU
		{6DE73393-13B7-4418-9A7F-4AD26016718A}.Debug|Any CPU.Build.0 = Debug|Any CPU
		{6DE73393-13B7-4418-9A7F-4AD26016718A}.Release|Any CPU.ActiveCfg = Release|Any CPU
		{6DE73393-13B7-4418-9A7F-4AD26016718A}.Release|Any CPU.Build.0 = Release|Any CPU
		{908276AE-06F3-4005-A7B4-4374ECE56160}.Debug|Any CPU.ActiveCfg = Debug|Any CPU
		{908276AE-06F3-4005-A7B4-4374ECE56160}.Debug|Any CPU.Build.0 = Debug|Any CPU
		{908276AE-06F3-4005-A7B4-4374ECE56160}.Release|Any CPU.ActiveCfg = Release|Any CPU
		{908276AE-06F3-4005-A7B4-4374ECE56160}.Release|Any CPU.Build.0 = Release|Any CPU
		{78820C1C-CF63-40D9-A20E-F71C2CCBCF0D}.Debug|Any CPU.ActiveCfg = Debug|Any CPU
		{78820C1C-CF63-40D9-A20E-F71C2CCBCF0D}.Debug|Any CPU.Build.0 = Debug|Any CPU
		{78820C1C-CF63-40D9-A20E-F71C2CCBCF0D}.Release|Any CPU.ActiveCfg = Release|Any CPU
		{78820C1C-CF63-40D9-A20E-F71C2CCBCF0D}.Release|Any CPU.Build.0 = Release|Any CPU
		{BCE0A141-9952-4A52-A976-83663DDDD39E}.Debug|Any CPU.ActiveCfg = Debug|Any CPU
		{BCE0A141-9952-4A52-A976-83663DDDD39E}.Debug|Any CPU.Build.0 = Debug|Any CPU
		{BCE0A141-9952-4A52-A976-83663DDDD39E}.Release|Any CPU.ActiveCfg = Release|Any CPU
		{BCE0A141-9952-4A52-A976-83663DDDD39E}.Release|Any CPU.Build.0 = Release|Any CPU
		{79E9586D-3E43-46BF-A5F2-A121207DBC7B}.Debug|Any CPU.ActiveCfg = Debug|Any CPU
		{79E9586D-3E43-46BF-A5F2-A121207DBC7B}.Debug|Any CPU.Build.0 = Debug|Any CPU
		{79E9586D-3E43-46BF-A5F2-A121207DBC7B}.Release|Any CPU.ActiveCfg = Release|Any CPU
		{79E9586D-3E43-46BF-A5F2-A121207DBC7B}.Release|Any CPU.Build.0 = Release|Any CPU
		{FEFEB3FF-FF38-4116-9ED4-478244F73841}.Debug|Any CPU.ActiveCfg = Debug|Any CPU
		{FEFEB3FF-FF38-4116-9ED4-478244F73841}.Debug|Any CPU.Build.0 = Debug|Any CPU
		{FEFEB3FF-FF38-4116-9ED4-478244F73841}.Release|Any CPU.ActiveCfg = Release|Any CPU
		{FEFEB3FF-FF38-4116-9ED4-478244F73841}.Release|Any CPU.Build.0 = Release|Any CPU
		{59259BF9-B19D-434C-816E-894EDD7BCBDC}.Debug|Any CPU.ActiveCfg = Debug|Any CPU
		{59259BF9-B19D-434C-816E-894EDD7BCBDC}.Debug|Any CPU.Build.0 = Debug|Any CPU
		{59259BF9-B19D-434C-816E-894EDD7BCBDC}.Release|Any CPU.ActiveCfg = Release|Any CPU
		{59259BF9-B19D-434C-816E-894EDD7BCBDC}.Release|Any CPU.Build.0 = Release|Any CPU
		{48544587-30AB-4296-A53E-2CA49BD59873}.Debug|Any CPU.ActiveCfg = Debug|Any CPU
		{48544587-30AB-4296-A53E-2CA49BD59873}.Debug|Any CPU.Build.0 = Debug|Any CPU
		{48544587-30AB-4296-A53E-2CA49BD59873}.Release|Any CPU.ActiveCfg = Release|Any CPU
		{48544587-30AB-4296-A53E-2CA49BD59873}.Release|Any CPU.Build.0 = Release|Any CPU
		{85A57427-1C9A-4DAC-8704-9DC66A6D1A49}.Debug|Any CPU.ActiveCfg = Debug|Any CPU
		{85A57427-1C9A-4DAC-8704-9DC66A6D1A49}.Debug|Any CPU.Build.0 = Debug|Any CPU
		{85A57427-1C9A-4DAC-8704-9DC66A6D1A49}.Release|Any CPU.ActiveCfg = Release|Any CPU
		{85A57427-1C9A-4DAC-8704-9DC66A6D1A49}.Release|Any CPU.Build.0 = Release|Any CPU
		{6D1E420C-9977-4C69-9B21-3AE3D83A63B2}.Debug|Any CPU.ActiveCfg = Debug|Any CPU
		{6D1E420C-9977-4C69-9B21-3AE3D83A63B2}.Debug|Any CPU.Build.0 = Debug|Any CPU
		{6D1E420C-9977-4C69-9B21-3AE3D83A63B2}.Release|Any CPU.ActiveCfg = Release|Any CPU
		{6D1E420C-9977-4C69-9B21-3AE3D83A63B2}.Release|Any CPU.Build.0 = Release|Any CPU
		{AE9A3878-F509-4095-9D1C-FC217E83A64F}.Debug|Any CPU.ActiveCfg = Debug|Any CPU
		{AE9A3878-F509-4095-9D1C-FC217E83A64F}.Debug|Any CPU.Build.0 = Debug|Any CPU
		{AE9A3878-F509-4095-9D1C-FC217E83A64F}.Release|Any CPU.ActiveCfg = Release|Any CPU
		{AE9A3878-F509-4095-9D1C-FC217E83A64F}.Release|Any CPU.Build.0 = Release|Any CPU
		{3EA5A483-D284-4898-9A55-9E73DA96C94C}.Debug|Any CPU.ActiveCfg = Debug|Any CPU
		{3EA5A483-D284-4898-9A55-9E73DA96C94C}.Debug|Any CPU.Build.0 = Debug|Any CPU
		{3EA5A483-D284-4898-9A55-9E73DA96C94C}.Release|Any CPU.ActiveCfg = Release|Any CPU
		{3EA5A483-D284-4898-9A55-9E73DA96C94C}.Release|Any CPU.Build.0 = Release|Any CPU
		{72C31DE2-F550-468F-AA95-34BF3B1FDA52}.Debug|Any CPU.ActiveCfg = Debug|Any CPU
		{72C31DE2-F550-468F-AA95-34BF3B1FDA52}.Debug|Any CPU.Build.0 = Debug|Any CPU
		{72C31DE2-F550-468F-AA95-34BF3B1FDA52}.Release|Any CPU.ActiveCfg = Release|Any CPU
		{72C31DE2-F550-468F-AA95-34BF3B1FDA52}.Release|Any CPU.Build.0 = Release|Any CPU
	EndGlobalSection
	GlobalSection(SolutionProperties) = preSolution
		HideSolutionNode = FALSE
	EndGlobalSection
	GlobalSection(NestedProjects) = preSolution
		{121993D1-B999-415C-9EEC-E0C23CE4995D} = {F1B570AC-414F-4197-875B-D24E8B2AEE9B}
		{CC1F87F0-1CFE-4477-9C40-54E13B2ABD89} = {F1B570AC-414F-4197-875B-D24E8B2AEE9B}
		{A7E42B18-2B47-4498-9F6E-3204785B4163} = {F1B570AC-414F-4197-875B-D24E8B2AEE9B}
		{850ABAB1-EDE0-4DC9-8818-325AEE46838C} = {6E730190-B261-4D35-959E-0765DBBC734F}
		{5E419180-3ECB-48A1-8452-65F0AAFD4207} = {00B9FC67-E14D-4150-8F15-F3FD0AFE7333}
		{457E7A0C-2190-4D19-997F-4D5008E92297} = {5E419180-3ECB-48A1-8452-65F0AAFD4207}
		{1DF8FEF4-6EB8-467E-9F44-8743DD3CD64D} = {00B9FC67-E14D-4150-8F15-F3FD0AFE7333}
		{4F162C87-1875-449F-9CE3-34DD1A4D3CDE} = {1DF8FEF4-6EB8-467E-9F44-8743DD3CD64D}
		{AE59FB9C-D137-413F-9AA8-D8B746D3FF29} = {00B9FC67-E14D-4150-8F15-F3FD0AFE7333}
		{FDC13ACB-ECAD-4ED4-96B6-00709D99AF70} = {AE59FB9C-D137-413F-9AA8-D8B746D3FF29}
		{A85D1268-7190-49E4-9E10-BAF91D534B1B} = {AE59FB9C-D137-413F-9AA8-D8B746D3FF29}
		{3B585E58-05CC-4F06-9F01-D7374FB29552} = {AE59FB9C-D137-413F-9AA8-D8B746D3FF29}
		{1074A45B-77E9-46A0-AF4E-2AEB052D7F51} = {60DE53C4-9420-4E2D-A53B-E016A80E88E8}
		{E7700C5A-705B-47E7-B7DB-9D915AB8FF8A} = {60DE53C4-9420-4E2D-A53B-E016A80E88E8}
		{7D6AE0EA-146F-4CCC-AF64-8D744CC3348D} = {60DE53C4-9420-4E2D-A53B-E016A80E88E8}
		{B59A5F76-455B-43BF-A134-65902A6E7ACD} = {60DE53C4-9420-4E2D-A53B-E016A80E88E8}
		{E1BA3FF4-53CF-49B1-8E24-C27A905CF283} = {B59A5F76-455B-43BF-A134-65902A6E7ACD}
		{1998B073-87B5-4D99-8AF9-B6E557C8978A} = {B59A5F76-455B-43BF-A134-65902A6E7ACD}
		{1AFD2E13-56B4-4287-A59B-AE319D6C76E0} = {DDCCDF67-2859-4BF7-9D94-0644E49A0668}
		{25C1F4F4-CD62-44D8-B986-47C6BBDA02F8} = {1AFD2E13-56B4-4287-A59B-AE319D6C76E0}
		{04AF7665-2D95-4D81-8BF4-98E1106E5B35} = {DDCCDF67-2859-4BF7-9D94-0644E49A0668}
		{C4FD6531-CFE4-42BB-9D19-5B25F8B77518} = {04AF7665-2D95-4D81-8BF4-98E1106E5B35}
		{836F333A-2B23-4E2F-83BC-7D20855E6073} = {DDCCDF67-2859-4BF7-9D94-0644E49A0668}
		{AA6C3C04-FCCE-4E10-9E31-A6843A41E2EC} = {836F333A-2B23-4E2F-83BC-7D20855E6073}
		{6937DA47-C359-4FE6-BB4C-C2CC4BA84858} = {836F333A-2B23-4E2F-83BC-7D20855E6073}
		{59283CFB-7492-4FC6-9898-24D3C8525F36} = {6A5677A5-888E-483E-BF79-96547352F078}
		{9C67B72B-365E-4E4B-8845-CC9F1FD1BBD9} = {59283CFB-7492-4FC6-9898-24D3C8525F36}
		{23243E45-6D63-41FB-BC40-202956BBACDB} = {59283CFB-7492-4FC6-9898-24D3C8525F36}
		{FCEF7691-EDF1-4CBF-ADCE-E06137D6DCDE} = {59283CFB-7492-4FC6-9898-24D3C8525F36}
		{462ABE61-2575-48E9-B310-FF32BD03F26A} = {59283CFB-7492-4FC6-9898-24D3C8525F36}
		{0826E7CD-88D4-4AA3-8C95-1158E671E80F} = {802E9131-3116-4215-B3DF-BC30F77F9164}
		{FB0C3824-D75B-422D-A4F8-6A94BAF57AB1} = {802E9131-3116-4215-B3DF-BC30F77F9164}
		{3BCB3996-0C76-4138-B1A0-295B32C12E24} = {802E9131-3116-4215-B3DF-BC30F77F9164}
		{614849E1-3718-434A-AA6E-5EE02CC286BD} = {3BCB3996-0C76-4138-B1A0-295B32C12E24}
		{2B753D81-7C04-477A-8744-DAEB94CBB0DF} = {3BCB3996-0C76-4138-B1A0-295B32C12E24}
		{2BFACDC3-F44D-4199-8498-F5C3C4AC0335} = {4B6E02D1-737B-487F-884A-00B329E3695E}
		{E461C0A8-8900-485C-B520-E929BA33F712} = {4B6E02D1-737B-487F-884A-00B329E3695E}
		{C2BBE4C2-6F65-4729-AD09-FF9605F18970} = {3D8C2A3A-80F7-4469-97F3-CA2815D4494B}
		{5D3CD0ED-BDD7-4361-A5C0-D2E51CA5E639} = {3D8C2A3A-80F7-4469-97F3-CA2815D4494B}
		{902AA88E-C01A-4B4D-ADB0-193222475E66} = {3D8C2A3A-80F7-4469-97F3-CA2815D4494B}
		{C39F50AA-D475-41B0-8BDB-ED34CDA332C2} = {3D8C2A3A-80F7-4469-97F3-CA2815D4494B}
		{DBED3DB6-E61B-46DA-B1BF-6FB048F35924} = {C39F50AA-D475-41B0-8BDB-ED34CDA332C2}
		{36D25040-8394-4437-99F8-A8CB047BED0D} = {C39F50AA-D475-41B0-8BDB-ED34CDA332C2}
		{3753E72E-8F6B-47AD-ABE4-FBF543C26323} = {3985A8C9-3B08-41D9-9320-86FA5869F614}
		{9D8586F0-4FF2-4420-983A-EB31B6E8F653} = {3753E72E-8F6B-47AD-ABE4-FBF543C26323}
		{E65B17E0-F31D-49CD-A32E-95160FB9D91D} = {3753E72E-8F6B-47AD-ABE4-FBF543C26323}
		{D614FA80-D264-4E2D-B07B-9515A14F9D1E} = {3753E72E-8F6B-47AD-ABE4-FBF543C26323}
		{DBDC8651-12E9-42C4-A8F6-38F37BE22DC6} = {3985A8C9-3B08-41D9-9320-86FA5869F614}
		{5A81D151-3F35-47A6-9E53-BC5340497B11} = {DBDC8651-12E9-42C4-A8F6-38F37BE22DC6}
		{70A3AE58-FFC3-4CCE-9404-C88FCCA51DE5} = {2E83CC09-090E-4943-B09B-4E734CB00C33}
		{14D1105D-0EC2-4F6E-8EE2-AD162ACD3AA7} = {B65FD935-609C-4A13-9DFE-CEF21B219955}
		{DF07472E-9A42-4EAD-B57E-88658352F424} = {B1C38387-92D0-43AA-9E37-E863E407FFA3}
		{43F5BF53-C58B-4F13-8D88-4D28E4DC39A2} = {B1C38387-92D0-43AA-9E37-E863E407FFA3}
		{4EF5DE08-CAA7-4C4F-8334-A414A7DE504D} = {B1C38387-92D0-43AA-9E37-E863E407FFA3}
		{EB3172EA-1E2F-40BC-B84C-C96CB0781DB3} = {2E83CC09-090E-4943-B09B-4E734CB00C33}
		{83EE78C2-E201-4353-B190-EC9DCDF7684B} = {6B5CB8F7-EFB5-4665-85AB-8BA27B47E1DE}
		{6DE73393-13B7-4418-9A7F-4AD26016718A} = {6B5CB8F7-EFB5-4665-85AB-8BA27B47E1DE}
		{A1079D33-F732-4528-B4EC-8EA374665580} = {6B5CB8F7-EFB5-4665-85AB-8BA27B47E1DE}
		{908276AE-06F3-4005-A7B4-4374ECE56160} = {A1079D33-F732-4528-B4EC-8EA374665580}
		{78820C1C-CF63-40D9-A20E-F71C2CCBCF0D} = {A1079D33-F732-4528-B4EC-8EA374665580}
		{BCE0A141-9952-4A52-A976-83663DDDD39E} = {A1079D33-F732-4528-B4EC-8EA374665580}
		{79E9586D-3E43-46BF-A5F2-A121207DBC7B} = {A1079D33-F732-4528-B4EC-8EA374665580}
		{FEFEB3FF-FF38-4116-9ED4-478244F73841} = {A1079D33-F732-4528-B4EC-8EA374665580}
		{59259BF9-B19D-434C-816E-894EDD7BCBDC} = {A1079D33-F732-4528-B4EC-8EA374665580}
		{48544587-30AB-4296-A53E-2CA49BD59873} = {C51D0C0F-B9CC-44A0-BD53-5671236F3D6B}
		{8A9B5C45-92E2-4131-840E-D65CE3275E19} = {C51D0C0F-B9CC-44A0-BD53-5671236F3D6B}
		{85A57427-1C9A-4DAC-8704-9DC66A6D1A49} = {8A9B5C45-92E2-4131-840E-D65CE3275E19}
		{6D1E420C-9977-4C69-9B21-3AE3D83A63B2} = {572D3628-9C00-443B-95CD-FBBED2ED5D48}
		{07E26253-8DD5-46B0-8363-80D0319EA47D} = {572D3628-9C00-443B-95CD-FBBED2ED5D48}
		{AE9A3878-F509-4095-9D1C-FC217E83A64F} = {07E26253-8DD5-46B0-8363-80D0319EA47D}
		{3EA5A483-D284-4898-9A55-9E73DA96C94C} = {07E26253-8DD5-46B0-8363-80D0319EA47D}
		{40DDFEF7-B16B-42F7-8528-C296B8D1410A} = {572D3628-9C00-443B-95CD-FBBED2ED5D48}
		{72C31DE2-F550-468F-AA95-34BF3B1FDA52} = {40DDFEF7-B16B-42F7-8528-C296B8D1410A}
	EndGlobalSection
	GlobalSection(ExtensibilityGlobals) = postSolution
		SolutionGuid = {9F8ED49D-DCB7-4E81-BBAC-77E511141E05}
	EndGlobalSection
EndGlobal
